
Microsoft Visual Studio Solution File, Format Version 12.00
# Visual Studio Version 17
VisualStudioVersion = 17.11.35222.181
MinimumVisualStudioVersion = 10.0.40219.1
Project("{FAE04EC0-301F-11D3-BF4B-00C04F79EFBC}") = "VerzamelingFinished", "VerzamelingFinished\VerzamelingFinished.csproj", "{F06CF436-3C51-4727-BBB1-08E07ADDBA46}"
EndProject
Global
	GlobalSection(SolutionConfigurationPlatforms) = preSolution
		Debug|Any CPU = Debug|Any CPU
		Release|Any CPU = Release|Any CPU
	EndGlobalSection
	GlobalSection(ProjectConfigurationPlatforms) = postSolution
		{F06CF436-3C51-4727-BBB1-08E07ADDBA46}.Debug|Any CPU.ActiveCfg = Debug|Any CPU
		{F06CF436-3C51-4727-BBB1-08E07ADDBA46}.Debug|Any CPU.Build.0 = Debug|Any CPU
		{F06CF436-3C51-4727-BBB1-08E07ADDBA46}.Release|Any CPU.ActiveCfg = Release|Any CPU
		{F06CF436-3C51-4727-BBB1-08E07ADDBA46}.Release|Any CPU.Build.0 = Release|Any CPU
	EndGlobalSection
	GlobalSection(SolutionProperties) = preSolution
		HideSolutionNode = FALSE
	EndGlobalSection
	GlobalSection(ExtensibilityGlobals) = postSolution
		SolutionGuid = {36051D29-0174-40E0-B4C9-B58C45419E7F}
	EndGlobalSection
EndGlobal
